// !$*UTF8*$!
{
	archiveVersion = 1;
	classes = {
	};
	objectVersion = 46;
	objects = {

/* Begin PBXBuildFile section */
		4F4E9B5D1CBB5F10003EE18E /* AppDelegate.swift in Sources */ = {isa = PBXBuildFile; fileRef = 4F4E9B5C1CBB5F10003EE18E /* AppDelegate.swift */; };
		4F4E9B5F1CBB5F10003EE18E /* ViewController.swift in Sources */ = {isa = PBXBuildFile; fileRef = 4F4E9B5E1CBB5F10003EE18E /* ViewController.swift */; };
		4F4E9B621CBB5F10003EE18E /* Main.storyboard in Resources */ = {isa = PBXBuildFile; fileRef = 4F4E9B601CBB5F10003EE18E /* Main.storyboard */; };
		4F4E9B641CBB5F10003EE18E /* Assets.xcassets in Resources */ = {isa = PBXBuildFile; fileRef = 4F4E9B631CBB5F10003EE18E /* Assets.xcassets */; };
		4F4E9B671CBB5F10003EE18E /* LaunchScreen.storyboard in Resources */ = {isa = PBXBuildFile; fileRef = 4F4E9B651CBB5F10003EE18E /* LaunchScreen.storyboard */; };
/* End PBXBuildFile section */

/* Begin PBXFileReference section */
		4F4E9B591CBB5F10003EE18E /* Downloading Web Content.app */ = {isa = PBXFileReference; explicitFileType = wrapper.application; includeInIndex = 0; path = "Downloading Web Content.app"; sourceTree = BUILT_PRODUCTS_DIR; };
		4F4E9B5C1CBB5F10003EE18E /* AppDelegate.swift */ = {isa = PBXFileReference; lastKnownFileType = sourcecode.swift; path = AppDelegate.swift; sourceTree = "<group>"; };
		4F4E9B5E1CBB5F10003EE18E /* ViewController.swift */ = {isa = PBXFileReference; lastKnownFileType = sourcecode.swift; path = ViewController.swift; sourceTree = "<group>"; };
		4F4E9B611CBB5F10003EE18E /* Base */ = {isa = PBXFileReference; lastKnownFileType = file.storyboard; name = Base; path = Base.lproj/Main.storyboard; sourceTree = "<group>"; };
		4F4E9B631CBB5F10003EE18E /* Assets.xcassets */ = {isa = PBXFileReference; lastKnownFileType = folder.assetcatalog; path = Assets.xcassets; sourceTree = "<group>"; };
		4F4E9B661CBB5F10003EE18E /* Base */ = {isa = PBXFileReference; lastKnownFileType = file.storyboard; name = Base; path = Base.lproj/LaunchScreen.storyboard; sourceTree = "<group>"; };
		4F4E9B681CBB5F10003EE18E /* Info.plist */ = {isa = PBXFileReference; lastKnownFileType = text.plist.xml; path = Info.plist; sourceTree = "<group>"; };
/* End PBXFileReference section */

/* Begin PBXFrameworksBuildPhase section */
		4F4E9B561CBB5F10003EE18E /* Frameworks */ = {
			isa = PBXFrameworksBuildPhase;
			buildActionMask = 2147483647;
			files = (
			);
			runOnlyForDeploymentPostprocessing = 0;
		};
/* End PBXFrameworksBuildPhase section */

/* Begin PBXGroup section */
		4F4E9B501CBB5F10003EE18E = {
			isa = PBXGroup;
			children = (
				4F4E9B5B1CBB5F10003EE18E /* Downloading Web Content */,
				4F4E9B5A1CBB5F10003EE18E /* Products */,
			);
			sourceTree = "<group>";
		};
		4F4E9B5A1CBB5F10003EE18E /* Products */ = {
			isa = PBXGroup;
			children = (
				4F4E9B591CBB5F10003EE18E /* Downloading Web Content.app */,
			);
			name = Products;
			sourceTree = "<group>";
		};
		4F4E9B5B1CBB5F10003EE18E /* Downloading Web Content */ = {
			isa = PBXGroup;
			children = (
				4F4E9B5C1CBB5F10003EE18E /* AppDelegate.swift */,
				4F4E9B5E1CBB5F10003EE18E /* ViewController.swift */,
				4F4E9B601CBB5F10003EE18E /* Main.storyboard */,
				4F4E9B631CBB5F10003EE18E /* Assets.xcassets */,
				4F4E9B651CBB5F10003EE18E /* LaunchScreen.storyboard */,
				4F4E9B681CBB5F10003EE18E /* Info.plist */,
			);
			path = "Downloading Web Content";
			sourceTree = "<group>";
		};
/* End PBXGroup section */

/* Begin PBXNativeTarget section */
		4F4E9B581CBB5F10003EE18E /* Downloading Web Content */ = {
			isa = PBXNativeTarget;
			buildConfigurationList = 4F4E9B6B1CBB5F10003EE18E /* Build configuration list for PBXNativeTarget "Downloading Web Content" */;
			buildPhases = (
				4F4E9B551CBB5F10003EE18E /* Sources */,
				4F4E9B561CBB5F10003EE18E /* Frameworks */,
				4F4E9B571CBB5F10003EE18E /* Resources */,
			);
			buildRules = (
			);
			dependencies = (
			);
			name = "Downloading Web Content";
			productName = "Downloading Web Content";
			productReference = 4F4E9B591CBB5F10003EE18E /* Downloading Web Content.app */;
			productType = "com.apple.product-type.application";
		};
/* End PBXNativeTarget section */

/* Begin PBXProject section */
		4F4E9B511CBB5F10003EE18E /* Project object */ = {
			isa = PBXProject;
			attributes = {
				LastSwiftUpdateCheck = 0720;
				LastUpgradeCheck = 0720;
				ORGANIZATIONNAME = fishnchips;
				TargetAttributes = {
					4F4E9B581CBB5F10003EE18E = {
						CreatedOnToolsVersion = 7.2.1;
						DevelopmentTeam = CNT5H9J759;
					};
				};
			};
			buildConfigurationList = 4F4E9B541CBB5F10003EE18E /* Build configuration list for PBXProject "Downloading Web Content" */;
			compatibilityVersion = "Xcode 3.2";
			developmentRegion = English;
			hasScannedForEncodings = 0;
			knownRegions = (
				en,
				Base,
			);
			mainGroup = 4F4E9B501CBB5F10003EE18E;
			productRefGroup = 4F4E9B5A1CBB5F10003EE18E /* Products */;
			projectDirPath = "";
			projectRoot = "";
			targets = (
				4F4E9B581CBB5F10003EE18E /* Downloading Web Content */,
			);
		};
/* End PBXProject section */

/* Begin PBXResourcesBuildPhase section */
		4F4E9B571CBB5F10003EE18E /* Resources */ = {
			isa = PBXResourcesBuildPhase;
			buildActionMask = 2147483647;
			files = (
				4F4E9B671CBB5F10003EE18E /* LaunchScreen.storyboard in Resources */,
				4F4E9B641CBB5F10003EE18E /* Assets.xcassets in Resources */,
				4F4E9B621CBB5F10003EE18E /* Main.storyboard in Resources */,
			);
			runOnlyForDeploymentPostprocessing = 0;
		};
/* End PBXResourcesBuildPhase section */

/* Begin PBXSourcesBuildPhase section */
		4F4E9B551CBB5F10003EE18E /* Sources */ = {
			isa = PBXSourcesBuildPhase;
			buildActionMask = 2147483647;
			files = (
				4F4E9B5F1CBB5F10003EE18E /* ViewController.swift in Sources */,
				4F4E9B5D1CBB5F10003EE18E /* AppDelegate.swift in Sources */,
			);
			runOnlyForDeploymentPostprocessing = 0;
		};
/* End PBXSourcesBuildPhase section */

/* Begin PBXVariantGroup section */
		4F4E9B601CBB5F10003EE18E /* Main.storyboard */ = {
			isa = PBXVariantGroup;
			children = (
				4F4E9B611CBB5F10003EE18E /* Base */,
			);
			name = Main.storyboard;
			sourceTree = "<group>";
		};
		4F4E9B651CBB5F10003EE18E /* LaunchScreen.storyboard */ = {
			isa = PBXVariantGroup;
			children = (
				4F4E9B661CBB5F10003EE18E /* Base */,
			);
			name = LaunchScreen.storyboard;
			sourceTree = "<group>";
		};
/* End PBXVariantGroup section */

/* Begin XCBuildConfiguration section */
		4F4E9B691CBB5F10003EE18E /* Debug */ = {
			isa = XCBuildConfiguration;
			buildSettings = {
				ALWAYS_SEARCH_USER_PATHS = NO;
				CLANG_CXX_LANGUAGE_STANDARD = "gnu++0x";
				CLANG_CXX_LIBRARY = "libc++";
				CLANG_ENABLE_MODULES = YES;
				CLANG_ENABLE_OBJC_ARC = YES;
				CLANG_WARN_BOOL_CONVERSION = YES;
				CLANG_WARN_CONSTANT_CONVERSION = YES;
				CLANG_WARN_DIRECT_OBJC_ISA_USAGE = YES_ERROR;
				CLANG_WARN_EMPTY_BODY = YES;
				CLANG_WARN_ENUM_CONVERSION = YES;
				CLANG_WARN_INT_CONVERSION = YES;
				CLANG_WARN_OBJC_ROOT_CLASS = YES_ERROR;
				CLANG_WARN_UNREACHABLE_CODE = YES;
				CLANG_WARN__DUPLICATE_METHOD_MATCH = YES;
				"CODE_SIGN_IDENTITY[sdk=iphoneos*]" = "iPhone Developer";
				COPY_PHASE_STRIP = NO;
				DEBUG_INFORMATION_FORMAT = dwarf;
				ENABLE_STRICT_OBJC_MSGSEND = YES;
				ENABLE_TESTABILITY = YES;
				GCC_C_LANGUAGE_STANDARD = gnu99;
				GCC_DYNAMIC_NO_PIC = NO;
				GCC_NO_COMMON_BLOCKS = YES;
				GCC_OPTIMIZATION_LEVEL = 0;
				GCC_PREPROCESSOR_DEFINITIONS = (
					"DEBUG=1",
					"$(inherited)",
				);
				GCC_WARN_64_TO_32_BIT_CONVERSION = YES;
				GCC_WARN_ABOUT_RETURN_TYPE = YES_ERROR;
				GCC_WARN_UNDECLARED_SELECTOR = YES;
				GCC_WARN_UNINITIALIZED_AUTOS = YES_AGGRESSIVE;
				GCC_WARN_UNUSED_FUNCTION = YES;
				GCC_WARN_UNUSED_VARIABLE = YES;
				IPHONEOS_DEPLOYMENT_TARGET = 9.2;
				MTL_ENABLE_DEBUG_INFO = YES;
				ONLY_ACTIVE_ARCH = YES;
				SDKROOT = iphoneos;
				SWIFT_OPTIMIZATION_LEVEL = "-Onone";
			};
			name = Debug;
		};
		4F4E9B6A1CBB5F10003EE18E /* Release */ = {
			isa = XCBuildConfiguration;
			buildSettings = {
				ALWAYS_SEARCH_USER_PATHS = NO;
				CLANG_CXX_LANGUAGE_STANDARD = "gnu++0x";
				CLANG_CXX_LIBRARY = "libc++";
				CLANG_ENABLE_MODULES = YES;
				CLANG_ENABLE_OBJC_ARC = YES;
				CLANG_WARN_BOOL_CONVERSION = YES;
				CLANG_WARN_CONSTANT_CONVERSION = YES;
				CLANG_WARN_DIRECT_OBJC_ISA_USAGE = YES_ERROR;
				CLANG_WARN_EMPTY_BODY = YES;
				CLANG_WARN_ENUM_CONVERSION = YES;
				CLANG_WARN_INT_CONVERSION = YES;
				CLANG_WARN_OBJC_ROOT_CLASS = YES_ERROR;
				CLANG_WARN_UNREACHABLE_CODE = YES;
				CLANG_WARN__DUPLICATE_METHOD_MATCH = YES;
				"CODE_SIGN_IDENTITY[sdk=iphoneos*]" = "iPhone Developer";
				COPY_PHASE_STRIP = NO;
				DEBUG_INFORMATION_FORMAT = "dwarf-with-dsym";
				ENABLE_NS_ASSERTIONS = NO;
				ENABLE_STRICT_OBJC_MSGSEND = YES;
				GCC_C_LANGUAGE_STANDARD = gnu99;
				GCC_NO_COMMON_BLOCKS = YES;
				GCC_WARN_64_TO_32_BIT_CONVERSION = YES;
				GCC_WARN_ABOUT_RETURN_TYPE = YES_ERROR;
				GCC_WARN_UNDECLARED_SELECTOR = YES;
				GCC_WARN_UNINITIALIZED_AUTOS = YES_AGGRESSIVE;
				GCC_WARN_UNUSED_FUNCTION = YES;
				GCC_WARN_UNUSED_VARIABLE = YES;
				IPHONEOS_DEPLOYMENT_TARGET = 9.2;
				MTL_ENABLE_DEBUG_INFO = NO;
				SDKROOT = iphoneos;
				VALIDATE_PRODUCT = YES;
			};
			name = Release;
		};
		4F4E9B6C1CBB5F10003EE18E /* Debug */ = {
			isa = XCBuildConfiguration;
			buildSettings = {
				ASSETCATALOG_COMPILER_APPICON_NAME = AppIcon;
				INFOPLIST_FILE = "Downloading Web Content/Info.plist";
				LD_RUNPATH_SEARCH_PATHS = "$(inherited) @executable_path/Frameworks";
				PRODUCT_BUNDLE_IDENTIFIER = "com.fishnchips.Downloading-Web-Content";
				PRODUCT_NAME = "$(TARGET_NAME)";
			};
			name = Debug;
		};
		4F4E9B6D1CBB5F10003EE18E /* Release */ = {
			isa = XCBuildConfiguration;
			buildSettings = {
				ASSETCATALOG_COMPILER_APPICON_NAME = AppIcon;
				INFOPLIST_FILE = "Downloading Web Content/Info.plist";
				LD_RUNPATH_SEARCH_PATHS = "$(inherited) @executable_path/Frameworks";
				PRODUCT_BUNDLE_IDENTIFIER = "com.fishnchips.Downloading-Web-Content";
				PRODUCT_NAME = "$(TARGET_NAME)";
			};
			name = Release;
		};
/* End XCBuildConfiguration section */

/* Begin XCConfigurationList section */
		4F4E9B541CBB5F10003EE18E /* Build configuration list for PBXProject "Downloading Web Content" */ = {
			isa = XCConfigurationList;
			buildConfigurations = (
				4F4E9B691CBB5F10003EE18E /* Debug */,
				4F4E9B6A1CBB5F10003EE18E /* Release */,
			);
			defaultConfigurationIsVisible = 0;
			defaultConfigurationName = Release;
		};
		4F4E9B6B1CBB5F10003EE18E /* Build configuration list for PBXNativeTarget "Downloading Web Content" */ = {
			isa = XCConfigurationList;
			buildConfigurations = (
				4F4E9B6C1CBB5F10003EE18E /* Debug */,
				4F4E9B6D1CBB5F10003EE18E /* Release */,
			);
			defaultConfigurationIsVisible = 0;
		};
/* End XCConfigurationList section */
	};
	rootObject = 4F4E9B511CBB5F10003EE18E /* Project object */;
}
